
Microsoft Visual Studio Solution File, Format Version 12.00
# Visual Studio Version 17
VisualStudioVersion = 17.3.32825.248
MinimumVisualStudioVersion = 10.0.40219.1
Project("{FAE04EC0-301F-11D3-BF4B-00C04F79EFBC}") = "ChocolateShop", "ChocolateShop\ChocolateShop.csproj", "{664C0ED5-5F7C-4A15-AC92-B9F848516C85}"
EndProject
Global
	GlobalSection(SolutionConfigurationPlatforms) = preSolution
		Debug|Any CPU = Debug|Any CPU
		Release|Any CPU = Release|Any CPU
	EndGlobalSection
	GlobalSection(ProjectConfigurationPlatforms) = postSolution
		{664C0ED5-5F7C-4A15-AC92-B9F848516C85}.Debug|Any CPU.ActiveCfg = Debug|Any CPU
		{664C0ED5-5F7C-4A15-AC92-B9F848516C85}.Debug|Any CPU.Build.0 = Debug|Any CPU
		{664C0ED5-5F7C-4A15-AC92-B9F848516C85}.Release|Any CPU.ActiveCfg = Release|Any CPU
		{664C0ED5-5F7C-4A15-AC92-B9F848516C85}.Release|Any CPU.Build.0 = Release|Any CPU
	EndGlobalSection
	GlobalSection(SolutionProperties) = preSolution
		HideSolutionNode = FALSE
	EndGlobalSection
	GlobalSection(ExtensibilityGlobals) = postSolution
		SolutionGuid = {AF6DFDD1-0B58-4DEC-9C08-18929433A456}
	EndGlobalSection
EndGlobal
